
Microsoft Visual Studio Solution File, Format Version 12.00
# Visual Studio Version 17
VisualStudioVersion = 17.9.34728.123
MinimumVisualStudioVersion = 10.0.40219.1
Project("{FAE04EC0-301F-11D3-BF4B-00C04F79EFBC}") = "ApiEduOne", "ApiEduOne\ApiEduOne.csproj", "{EBA332C6-BAFC-48AB-9EFD-4A5CBA7D6CB1}"
EndProject
Project("{FAE04EC0-301F-11D3-BF4B-00C04F79EFBC}") = "Domain", "Domain\Domain.csproj", "{5C3F71FB-93AF-45B9-8048-A6EC1394BC33}"
EndProject
Global
	GlobalSection(SolutionConfigurationPlatforms) = preSolution
		Debug|Any CPU = Debug|Any CPU
		Release|Any CPU = Release|Any CPU
	EndGlobalSection
	GlobalSection(ProjectConfigurationPlatforms) = postSolution
		{EBA332C6-BAFC-48AB-9EFD-4A5CBA7D6CB1}.Debug|Any CPU.ActiveCfg = Debug|Any CPU
		{EBA332C6-BAFC-48AB-9EFD-4A5CBA7D6CB1}.Debug|Any CPU.Build.0 = Debug|Any CPU
		{EBA332C6-BAFC-48AB-9EFD-4A5CBA7D6CB1}.Release|Any CPU.ActiveCfg = Release|Any CPU
		{EBA332C6-BAFC-48AB-9EFD-4A5CBA7D6CB1}.Release|Any CPU.Build.0 = Release|Any CPU
		{5C3F71FB-93AF-45B9-8048-A6EC1394BC33}.Debug|Any CPU.ActiveCfg = Debug|Any CPU
		{5C3F71FB-93AF-45B9-8048-A6EC1394BC33}.Debug|Any CPU.Build.0 = Debug|Any CPU
		{5C3F71FB-93AF-45B9-8048-A6EC1394BC33}.Release|Any CPU.ActiveCfg = Release|Any CPU
		{5C3F71FB-93AF-45B9-8048-A6EC1394BC33}.Release|Any CPU.Build.0 = Release|Any CPU
	EndGlobalSection
	GlobalSection(SolutionProperties) = preSolution
		HideSolutionNode = FALSE
	EndGlobalSection
	GlobalSection(ExtensibilityGlobals) = postSolution
		SolutionGuid = {EE6B8473-6C86-42EF-8305-101CE8287E77}
	EndGlobalSection
EndGlobal
